{
    "_meta": {
        "hash": {
            "sha256": "e9581dd19a5e778774e60e09700a8d1ab05c1d648d966194e101e9769ca08185"
        },
        "pipfile-spec": 6,
        "requires": {
            "python_version": "3.11"
        },
        "sources": [
            {
                "name": "pypi",
                "url": "https://pypi.org/simple",
                "verify_ssl": true
            }
        ]
    },
    "default": {
        "numpy": {
            "hashes": [
                "sha256:04640dab83f7c6c85abf9cd729c5b65f1ebd0ccf9de90b270cd61935eef0197f",
                "sha256:1452241c290f3e2a312c137a9999cdbf63f78864d63c79039bda65ee86943f61",
                "sha256:222e40d0e2548690405b0b3c7b21d1169117391c2e82c378467ef9ab4c8f0da7",
                "sha256:2541312fbf09977f3b3ad449c4e5f4bb55d0dbf79226d7724211acc905049400",
                "sha256:31f13e25b4e304632a4619d0e0777662c2ffea99fcae2029556b17d8ff958aef",
                "sha256:4602244f345453db537be5314d3983dbf5834a9701b7723ec28923e2889e0bb2",
                "sha256:4979217d7de511a8d57f4b4b5b2b965f707768440c17cb70fbf254c4b225238d",
                "sha256:4c21decb6ea94057331e111a5bed9a79d335658c27ce2adb580fb4d54f2ad9bc",
                "sha256:6620c0acd41dbcb368610bb2f4d83145674040025e5536954782467100aa8835",
                "sha256:692f2e0f55794943c5bfff12b3f56f99af76f902fc47487bdfe97856de51a706",
                "sha256:7215847ce88a85ce39baf9e89070cb860c98fdddacbaa6c0da3ffb31b3350bd5",
                "sha256:79fc682a374c4a8ed08b331bef9c5f582585d1048fa6d80bc6c35bc384eee9b4",
                "sha256:7ffe43c74893dbf38c2b0a1f5428760a1a9c98285553c89e12d70a96a7f3a4d6",
                "sha256:80f5e3a4e498641401868df4208b74581206afbee7cf7b8329daae82676d9463",
                "sha256:95f7ac6540e95bc440ad77f56e520da5bf877f87dca58bd095288dce8940532a",
                "sha256:9667575fb6d13c95f1b36aca12c5ee3356bf001b714fc354eb5465ce1609e62f",
                "sha256:a5425b114831d1e77e4b5d812b69d11d962e104095a5b9c3b641a218abcc050e",
                "sha256:b4bea75e47d9586d31e892a7401f76e909712a0fd510f58f5337bea9572c571e",
                "sha256:b7b1fc9864d7d39e28f41d089bfd6353cb5f27ecd9905348c24187a768c79694",
                "sha256:befe2bf740fd8373cf56149a5c23a0f601e82869598d41f8e188a0e9869926f8",
                "sha256:c0bfb52d2169d58c1cdb8cc1f16989101639b34c7d3ce60ed70b19c63eba0b64",
                "sha256:d11efb4dbecbdf22508d55e48d9c8384db795e1b7b51ea735289ff96613ff74d",
                "sha256:dd80e219fd4c71fc3699fc1dadac5dcf4fd882bfc6f7ec53d30fa197b8ee22dc",
                "sha256:e2926dac25b313635e4d6cf4dc4e51c8c0ebfed60b801c799ffc4c32bf3d1254",
                "sha256:e98f220aa76ca2a977fe435f5b04d7b3470c0a2e6312907b37ba6068f26787f2",
                "sha256:ed094d4f0c177b1b8e7aa9cba7d6ceed51c0e569a5318ac0ca9a090680a6a1b1",
                "sha256:f136bab9c2cfd8da131132c2cf6cc27331dd6fae65f95f69dcd4ae3c3639c810",
                "sha256:f3a86ed21e4f87050382c7bc96571755193c4c1392490744ac73d660e8f564a9"
            ],
            "index": "pypi",
            "markers": "python_version >= '3.8'",
            "version": "==1.24.4"
        },
        "pycryptodome": {
            "hashes": [
                "sha256:0101f647d11a1aae5a8ce4f5fad6644ae1b22bb65d05accc7d322943c69a74a6",
                "sha256:04dd31d3b33a6b22ac4d432b3274588917dcf850cc0c51c84eca1d8ed6933810",
                "sha256:05e33267394aad6db6595c0ce9d427fe21552f5425e116a925455e099fdf759a",
                "sha256:08ce3558af5106c632baf6d331d261f02367a6bc3733086ae43c0f988fe042db",
                "sha256:139ae2c6161b9dd5d829c9645d781509a810ef50ea8b657e2257c25ca20efe33",
                "sha256:17940dcf274fcae4a54ec6117a9ecfe52907ed5e2e438fe712fe7ca502672ed5",
                "sha256:190c53f51e988dceb60472baddce3f289fa52b0ec38fbe5fd20dd1d0f795c551",
                "sha256:22e0ae7c3a7f87dcdcf302db06ab76f20e83f09a6993c160b248d58274473bfa",
                "sha256:3006c44c4946583b6de24fe0632091c2653d6256b99a02a3db71ca06472ea1e4",
                "sha256:45430dfaf1f421cf462c0dd824984378bef32b22669f2635cb809357dbaab405",
                "sha256:506c686a1eee6c00df70010be3b8e9e78f406af4f21b23162bbb6e9bdf5427bc",
                "sha256:536f676963662603f1f2e6ab01080c54d8cd20f34ec333dcb195306fa7826997",
                "sha256:542f99d5026ac5f0ef391ba0602f3d11beef8e65aae135fa5b762f5ebd9d3bfb",
                "sha256:560591c0777f74a5da86718f70dfc8d781734cf559773b64072bbdda44b3fc3e",
                "sha256:5b1986c761258a5b4332a7f94a83f631c1ffca8747d75ab8395bf2e1b93283d9",
                "sha256:61bb3ccbf4bf32ad9af32da8badc24e888ae5231c617947e0f5401077f8b091f",
                "sha256:7822f36d683f9ad7bc2145b2c2045014afdbbd1d9922a6d4ce1cbd6add79a01e",
                "sha256:7919ccd096584b911f2a303c593280869ce1af9bf5d36214511f5e5a1bed8c34",
                "sha256:7c760c8a0479a4042111a8dd2f067d3ae4573da286c53f13cf6f5c53a5c1f631",
                "sha256:829b813b8ee00d9c8aba417621b94bc0b5efd18c928923802ad5ba4cf1ec709c",
                "sha256:84c3e4fffad0c4988aef0d5591be3cad4e10aa7db264c65fadbc633318d20bde",
                "sha256:8999316e57abcbd8085c91bc0ef75292c8618f41ca6d2b6132250a863a77d1e7",
                "sha256:8c1601e04d32087591d78e0b81e1e520e57a92796089864b20e5f18c9564b3fa",
                "sha256:a0ab84755f4539db086db9ba9e9f3868d2e3610a3948cbd2a55e332ad83b01b0",
                "sha256:a9bcd5f3794879e91970f2bbd7d899780541d3ff439d8f2112441769c9f2ccea",
                "sha256:bc35d463222cdb4dbebd35e0784155c81e161b9284e567e7e933d722e533331e",
                "sha256:c1cc2f2ae451a676def1a73c1ae9120cd31af25db3f381893d45f75e77be2400",
                "sha256:d033947e7fd3e2ba9a031cb2d267251620964705a013c5a461fa5233cc025270",
                "sha256:d04f5f623a280fbd0ab1c1d8ecbd753193ab7154f09b6161b0f857a1a676c15f",
                "sha256:d49a6c715d8cceffedabb6adb7e0cbf41ae1a2ff4adaeec9432074a80627dea1",
                "sha256:e249a784cc98a29c77cea9df54284a44b40cafbfae57636dd2f8775b48af2434",
                "sha256:fc7a79590e2b5d08530175823a242de6790abc73638cc6dc9d2684e7be2f5e49"
            ],
            "index": "pypi",
            "markers": "python_version >= '2.7' and python_version not in '3.0, 3.1, 3.2, 3.3, 3.4'",
            "version": "==3.19.0"
        }
    },
    "develop": {}
}
